{
  "requires": true,
  "lockfileVersion": 1,
  "dependencies": {
    "bourbon": {
      "version": "4.3.4",
      "resolved": "https://registry.npmjs.org/bourbon/-/bourbon-4.3.4.tgz",
      "integrity": "sha1-TaOAAp6SwMj5dkx3lFGhNLEefMM="
    },
    "jquery": {
      "version": "3.2.1",
      "resolved": "https://registry.npmjs.org/jquery/-/jquery-3.2.1.tgz",
      "integrity": "sha1-XE2d5lKvbNCncBVKYxu6ErAVx4c="
    },
    "lt-ie-9": {
      "version": "0.1.0",
      "resolved": "https://registry.npmjs.org/lt-ie-9/-/lt-ie-9-0.1.0.tgz",
      "integrity": "sha1-WQvfhS8U7zkPoojct/g3c1qjh58="
    },
    "normalize-scss": {
      "version": "7.0.0",
      "resolved": "https://registry.npmjs.org/normalize-scss/-/normalize-scss-7.0.0.tgz",
      "integrity": "sha1-kuqsZVTMN2M2wGaCoNaiCZu7CIk="
    }
  }
}
